
Microsoft Visual Studio Solution File, Format Version 12.00
# Visual Studio Version 17
VisualStudioVersion = 17.7.34031.279
MinimumVisualStudioVersion = 10.0.40219.1
Project("{9A19103F-16F7-4668-BE54-9A1E7A4F7556}") = "WebApi", "GenericRepositoryPattern\WebApi.csproj", "{EECA6A6C-B924-4428-B1FF-C184B66F7BDB}"
EndProject
Project("{9A19103F-16F7-4668-BE54-9A1E7A4F7556}") = "Repositories", "Repositories\Repositories.csproj", "{8B1B9665-B71F-4331-9D3A-7A2B5BBC17F5}"
EndProject
Project("{9A19103F-16F7-4668-BE54-9A1E7A4F7556}") = "Models", "Models\Models.csproj", "{13D496C8-512A-4BA9-B5AC-8A5F291B7870}"
EndProject
Project("{FAE04EC0-301F-11D3-BF4B-00C04F79EFBC}") = "Services", "Sevices\Services.csproj", "{9EF78D2A-CDAB-47F5-B443-AAE38F190AD2}"
EndProject
Global
	GlobalSection(SolutionConfigurationPlatforms) = preSolution
		Debug|Any CPU = Debug|Any CPU
		Release|Any CPU = Release|Any CPU
	EndGlobalSection
	GlobalSection(ProjectConfigurationPlatforms) = postSolution
		{EECA6A6C-B924-4428-B1FF-C184B66F7BDB}.Debug|Any CPU.ActiveCfg = Debug|Any CPU
		{EECA6A6C-B924-4428-B1FF-C184B66F7BDB}.Debug|Any CPU.Build.0 = Debug|Any CPU
		{EECA6A6C-B924-4428-B1FF-C184B66F7BDB}.Release|Any CPU.ActiveCfg = Release|Any CPU
		{EECA6A6C-B924-4428-B1FF-C184B66F7BDB}.Release|Any CPU.Build.0 = Release|Any CPU
		{8B1B9665-B71F-4331-9D3A-7A2B5BBC17F5}.Debug|Any CPU.ActiveCfg = Debug|Any CPU
		{8B1B9665-B71F-4331-9D3A-7A2B5BBC17F5}.Debug|Any CPU.Build.0 = Debug|Any CPU
		{8B1B9665-B71F-4331-9D3A-7A2B5BBC17F5}.Release|Any CPU.ActiveCfg = Release|Any CPU
		{8B1B9665-B71F-4331-9D3A-7A2B5BBC17F5}.Release|Any CPU.Build.0 = Release|Any CPU
		{13D496C8-512A-4BA9-B5AC-8A5F291B7870}.Debug|Any CPU.ActiveCfg = Debug|Any CPU
		{13D496C8-512A-4BA9-B5AC-8A5F291B7870}.Debug|Any CPU.Build.0 = Debug|Any CPU
		{13D496C8-512A-4BA9-B5AC-8A5F291B7870}.Release|Any CPU.ActiveCfg = Release|Any CPU
		{13D496C8-512A-4BA9-B5AC-8A5F291B7870}.Release|Any CPU.Build.0 = Release|Any CPU
		{9EF78D2A-CDAB-47F5-B443-AAE38F190AD2}.Debug|Any CPU.ActiveCfg = Debug|Any CPU
		{9EF78D2A-CDAB-47F5-B443-AAE38F190AD2}.Debug|Any CPU.Build.0 = Debug|Any CPU
		{9EF78D2A-CDAB-47F5-B443-AAE38F190AD2}.Release|Any CPU.ActiveCfg = Release|Any CPU
		{9EF78D2A-CDAB-47F5-B443-AAE38F190AD2}.Release|Any CPU.Build.0 = Release|Any CPU
	EndGlobalSection
	GlobalSection(SolutionProperties) = preSolution
		HideSolutionNode = FALSE
	EndGlobalSection
	GlobalSection(ExtensibilityGlobals) = postSolution
		SolutionGuid = {395627C2-0195-40A1-945B-23A05FD8CF0E}
	EndGlobalSection
EndGlobal
